
Microsoft Visual Studio Solution File, Format Version 12.00
# Visual Studio Version 16
VisualStudioVersion = 16.0.29306.81
MinimumVisualStudioVersion = 10.0.40219.1
Project("{FAE04EC0-301F-11D3-BF4B-00C04F79EFBC}") = "ClientLourd", "ClientLourd.csproj", "{B8BF5A60-AC43-44CA-9ECE-200E9F7DD613}"
EndProject
Global
	GlobalSection(SolutionConfigurationPlatforms) = preSolution
		Debug|Any CPU = Debug|Any CPU
		Release|Any CPU = Release|Any CPU
	EndGlobalSection
	GlobalSection(ProjectConfigurationPlatforms) = postSolution
		{B8BF5A60-AC43-44CA-9ECE-200E9F7DD613}.Debug|Any CPU.ActiveCfg = Debug|Any CPU
		{B8BF5A60-AC43-44CA-9ECE-200E9F7DD613}.Debug|Any CPU.Build.0 = Debug|Any CPU
		{B8BF5A60-AC43-44CA-9ECE-200E9F7DD613}.Release|Any CPU.ActiveCfg = Release|Any CPU
		{B8BF5A60-AC43-44CA-9ECE-200E9F7DD613}.Release|Any CPU.Build.0 = Release|Any CPU
	EndGlobalSection
	GlobalSection(SolutionProperties) = preSolution
		HideSolutionNode = FALSE
	EndGlobalSection
	GlobalSection(ExtensibilityGlobals) = postSolution
		SolutionGuid = {9FA330AB-202C-4E31-BE3A-BDF9A2AE96D7}
	EndGlobalSection
EndGlobal
